
Microsoft Visual Studio Solution File, Format Version 12.00
# Visual Studio 15
VisualStudioVersion = 15.0.27703.2035
MinimumVisualStudioVersion = 10.0.40219.1
Project("{8BC9CEB8-8B4A-11D0-8D11-00A0C91BC942}") = "exam_1", "exam_1\exam_1.vcxproj", "{1CDF7FD2-AECB-46B9-A361-304E8432F917}"
EndProject
Project("{8BC9CEB8-8B4A-11D0-8D11-00A0C91BC942}") = "exam_2", "exam_2\exam_2.vcxproj", "{657A99A3-5B06-429D-A77D-BA6A8BE08BD2}"
EndProject
Project("{8BC9CEB8-8B4A-11D0-8D11-00A0C91BC942}") = "exam_3", "exam_3\exam_3.vcxproj", "{5350A6EA-D3E4-4002-A4CE-E146596919FF}"
EndProject
Project("{8BC9CEB8-8B4A-11D0-8D11-00A0C91BC942}") = "exam_4", "exam_4\exam_4.vcxproj", "{94E62955-0927-4012-98DB-0A0846D45391}"
EndProject
Global
	GlobalSection(SolutionConfigurationPlatforms) = preSolution
		Debug|x64 = Debug|x64
		Debug|x86 = Debug|x86
		Release|x64 = Release|x64
		Release|x86 = Release|x86
	EndGlobalSection
	GlobalSection(ProjectConfigurationPlatforms) = postSolution
		{1CDF7FD2-AECB-46B9-A361-304E8432F917}.Debug|x64.ActiveCfg = Debug|x64
		{1CDF7FD2-AECB-46B9-A361-304E8432F917}.Debug|x64.Build.0 = Debug|x64
		{1CDF7FD2-AECB-46B9-A361-304E8432F917}.Debug|x86.ActiveCfg = Debug|Win32
		{1CDF7FD2-AECB-46B9-A361-304E8432F917}.Debug|x86.Build.0 = Debug|Win32
		{1CDF7FD2-AECB-46B9-A361-304E8432F917}.Release|x64.ActiveCfg = Release|x64
		{1CDF7FD2-AECB-46B9-A361-304E8432F917}.Release|x64.Build.0 = Release|x64
		{1CDF7FD2-AECB-46B9-A361-304E8432F917}.Release|x86.ActiveCfg = Release|Win32
		{1CDF7FD2-AECB-46B9-A361-304E8432F917}.Release|x86.Build.0 = Release|Win32
		{657A99A3-5B06-429D-A77D-BA6A8BE08BD2}.Debug|x64.ActiveCfg = Debug|x64
		{657A99A3-5B06-429D-A77D-BA6A8BE08BD2}.Debug|x64.Build.0 = Debug|x64
		{657A99A3-5B06-429D-A77D-BA6A8BE08BD2}.Debug|x86.ActiveCfg = Debug|Win32
		{657A99A3-5B06-429D-A77D-BA6A8BE08BD2}.Debug|x86.Build.0 = Debug|Win32
		{657A99A3-5B06-429D-A77D-BA6A8BE08BD2}.Release|x64.ActiveCfg = Release|x64
		{657A99A3-5B06-429D-A77D-BA6A8BE08BD2}.Release|x64.Build.0 = Release|x64
		{657A99A3-5B06-429D-A77D-BA6A8BE08BD2}.Release|x86.ActiveCfg = Release|Win32
		{657A99A3-5B06-429D-A77D-BA6A8BE08BD2}.Release|x86.Build.0 = Release|Win32
		{5350A6EA-D3E4-4002-A4CE-E146596919FF}.Debug|x64.ActiveCfg = Debug|x64
		{5350A6EA-D3E4-4002-A4CE-E146596919FF}.Debug|x64.Build.0 = Debug|x64
		{5350A6EA-D3E4-4002-A4CE-E146596919FF}.Debug|x86.ActiveCfg = Debug|Win32
		{5350A6EA-D3E4-4002-A4CE-E146596919FF}.Debug|x86.Build.0 = Debug|Win32
		{5350A6EA-D3E4-4002-A4CE-E146596919FF}.Release|x64.ActiveCfg = Release|x64
		{5350A6EA-D3E4-4002-A4CE-E146596919FF}.Release|x64.Build.0 = Release|x64
		{5350A6EA-D3E4-4002-A4CE-E146596919FF}.Release|x86.ActiveCfg = Release|Win32
		{5350A6EA-D3E4-4002-A4CE-E146596919FF}.Release|x86.Build.0 = Release|Win32
		{94E62955-0927-4012-98DB-0A0846D45391}.Debug|x64.ActiveCfg = Debug|x64
		{94E62955-0927-4012-98DB-0A0846D45391}.Debug|x64.Build.0 = Debug|x64
		{94E62955-0927-4012-98DB-0A0846D45391}.Debug|x86.ActiveCfg = Debug|Win32
		{94E62955-0927-4012-98DB-0A0846D45391}.Debug|x86.Build.0 = Debug|Win32
		{94E62955-0927-4012-98DB-0A0846D45391}.Release|x64.ActiveCfg = Release|x64
		{94E62955-0927-4012-98DB-0A0846D45391}.Release|x64.Build.0 = Release|x64
		{94E62955-0927-4012-98DB-0A0846D45391}.Release|x86.ActiveCfg = Release|Win32
		{94E62955-0927-4012-98DB-0A0846D45391}.Release|x86.Build.0 = Release|Win32
	EndGlobalSection
	GlobalSection(SolutionProperties) = preSolution
		HideSolutionNode = FALSE
	EndGlobalSection
	GlobalSection(ExtensibilityGlobals) = postSolution
		SolutionGuid = {47E3699A-B485-4C5E-A55C-005B01BB866F}
	EndGlobalSection
EndGlobal
