
Microsoft Visual Studio Solution File, Format Version 12.00
# Visual Studio 15
VisualStudioVersion = 15.0.27703.2035
MinimumVisualStudioVersion = 10.0.40219.1
Project("{8BC9CEB8-8B4A-11D0-8D11-00A0C91BC942}") = "exam_3", "exam_3\exam_3.vcxproj", "{C54C85D0-693E-42D5-AC24-2B60D1E4A322}"
EndProject
Project("{8BC9CEB8-8B4A-11D0-8D11-00A0C91BC942}") = "exam_4", "exam_4\exam_4.vcxproj", "{C80A8B14-0BCC-44D1-891C-2AEEF3A50CED}"
EndProject
Project("{8BC9CEB8-8B4A-11D0-8D11-00A0C91BC942}") = "exam_5", "exam_5\exam_5.vcxproj", "{3276D4E9-94D2-4160-BB61-75E2A22F49ED}"
EndProject
Project("{8BC9CEB8-8B4A-11D0-8D11-00A0C91BC942}") = "exam_6", "exam_6\exam_6.vcxproj", "{1B3DD16A-081A-4EC5-B1C2-40AE1737CA89}"
EndProject
Project("{8BC9CEB8-8B4A-11D0-8D11-00A0C91BC942}") = "exam_7", "exam_7\exam_7.vcxproj", "{20AB9AE0-7D32-4E89-BDF0-A814B62F0AC6}"
EndProject
Project("{8BC9CEB8-8B4A-11D0-8D11-00A0C91BC942}") = "exam_8", "exam_8\exam_8.vcxproj", "{3566B640-7E15-41F6-82D6-7B9624B9540B}"
EndProject
Project("{8BC9CEB8-8B4A-11D0-8D11-00A0C91BC942}") = "exam_9", "exam_9\exam_9.vcxproj", "{938E1C7F-2363-4AA4-8707-8AF582384DEF}"
EndProject
Project("{8BC9CEB8-8B4A-11D0-8D11-00A0C91BC942}") = "exam_10", "exam_10\exam_10.vcxproj", "{B4C393CD-FE97-436C-85AF-D58783A1C6CD}"
EndProject
Project("{8BC9CEB8-8B4A-11D0-8D11-00A0C91BC942}") = "exam_11", "exam_11\exam_11.vcxproj", "{28620F77-497E-45AE-95BB-D0C735CE025C}"
EndProject
Project("{8BC9CEB8-8B4A-11D0-8D11-00A0C91BC942}") = "exam_12", "exam_12\exam_12.vcxproj", "{10D80B4E-47F0-4F36-B9CB-CC2CFB883825}"
EndProject
Global
	GlobalSection(SolutionConfigurationPlatforms) = preSolution
		Debug|x64 = Debug|x64
		Debug|x86 = Debug|x86
		Release|x64 = Release|x64
		Release|x86 = Release|x86
	EndGlobalSection
	GlobalSection(ProjectConfigurationPlatforms) = postSolution
		{C54C85D0-693E-42D5-AC24-2B60D1E4A322}.Debug|x64.ActiveCfg = Debug|x64
		{C54C85D0-693E-42D5-AC24-2B60D1E4A322}.Debug|x64.Build.0 = Debug|x64
		{C54C85D0-693E-42D5-AC24-2B60D1E4A322}.Debug|x86.ActiveCfg = Debug|Win32
		{C54C85D0-693E-42D5-AC24-2B60D1E4A322}.Debug|x86.Build.0 = Debug|Win32
		{C54C85D0-693E-42D5-AC24-2B60D1E4A322}.Release|x64.ActiveCfg = Release|x64
		{C54C85D0-693E-42D5-AC24-2B60D1E4A322}.Release|x64.Build.0 = Release|x64
		{C54C85D0-693E-42D5-AC24-2B60D1E4A322}.Release|x86.ActiveCfg = Release|Win32
		{C54C85D0-693E-42D5-AC24-2B60D1E4A322}.Release|x86.Build.0 = Release|Win32
		{C80A8B14-0BCC-44D1-891C-2AEEF3A50CED}.Debug|x64.ActiveCfg = Debug|x64
		{C80A8B14-0BCC-44D1-891C-2AEEF3A50CED}.Debug|x64.Build.0 = Debug|x64
		{C80A8B14-0BCC-44D1-891C-2AEEF3A50CED}.Debug|x86.ActiveCfg = Debug|Win32
		{C80A8B14-0BCC-44D1-891C-2AEEF3A50CED}.Debug|x86.Build.0 = Debug|Win32
		{C80A8B14-0BCC-44D1-891C-2AEEF3A50CED}.Release|x64.ActiveCfg = Release|x64
		{C80A8B14-0BCC-44D1-891C-2AEEF3A50CED}.Release|x64.Build.0 = Release|x64
		{C80A8B14-0BCC-44D1-891C-2AEEF3A50CED}.Release|x86.ActiveCfg = Release|Win32
		{C80A8B14-0BCC-44D1-891C-2AEEF3A50CED}.Release|x86.Build.0 = Release|Win32
		{3276D4E9-94D2-4160-BB61-75E2A22F49ED}.Debug|x64.ActiveCfg = Debug|x64
		{3276D4E9-94D2-4160-BB61-75E2A22F49ED}.Debug|x64.Build.0 = Debug|x64
		{3276D4E9-94D2-4160-BB61-75E2A22F49ED}.Debug|x86.ActiveCfg = Debug|Win32
		{3276D4E9-94D2-4160-BB61-75E2A22F49ED}.Debug|x86.Build.0 = Debug|Win32
		{3276D4E9-94D2-4160-BB61-75E2A22F49ED}.Release|x64.ActiveCfg = Release|x64
		{3276D4E9-94D2-4160-BB61-75E2A22F49ED}.Release|x64.Build.0 = Release|x64
		{3276D4E9-94D2-4160-BB61-75E2A22F49ED}.Release|x86.ActiveCfg = Release|Win32
		{3276D4E9-94D2-4160-BB61-75E2A22F49ED}.Release|x86.Build.0 = Release|Win32
		{1B3DD16A-081A-4EC5-B1C2-40AE1737CA89}.Debug|x64.ActiveCfg = Debug|x64
		{1B3DD16A-081A-4EC5-B1C2-40AE1737CA89}.Debug|x64.Build.0 = Debug|x64
		{1B3DD16A-081A-4EC5-B1C2-40AE1737CA89}.Debug|x86.ActiveCfg = Debug|Win32
		{1B3DD16A-081A-4EC5-B1C2-40AE1737CA89}.Debug|x86.Build.0 = Debug|Win32
		{1B3DD16A-081A-4EC5-B1C2-40AE1737CA89}.Release|x64.ActiveCfg = Release|x64
		{1B3DD16A-081A-4EC5-B1C2-40AE1737CA89}.Release|x64.Build.0 = Release|x64
		{1B3DD16A-081A-4EC5-B1C2-40AE1737CA89}.Release|x86.ActiveCfg = Release|Win32
		{1B3DD16A-081A-4EC5-B1C2-40AE1737CA89}.Release|x86.Build.0 = Release|Win32
		{20AB9AE0-7D32-4E89-BDF0-A814B62F0AC6}.Debug|x64.ActiveCfg = Debug|x64
		{20AB9AE0-7D32-4E89-BDF0-A814B62F0AC6}.Debug|x64.Build.0 = Debug|x64
		{20AB9AE0-7D32-4E89-BDF0-A814B62F0AC6}.Debug|x86.ActiveCfg = Debug|Win32
		{20AB9AE0-7D32-4E89-BDF0-A814B62F0AC6}.Debug|x86.Build.0 = Debug|Win32
		{20AB9AE0-7D32-4E89-BDF0-A814B62F0AC6}.Release|x64.ActiveCfg = Release|x64
		{20AB9AE0-7D32-4E89-BDF0-A814B62F0AC6}.Release|x64.Build.0 = Release|x64
		{20AB9AE0-7D32-4E89-BDF0-A814B62F0AC6}.Release|x86.ActiveCfg = Release|Win32
		{20AB9AE0-7D32-4E89-BDF0-A814B62F0AC6}.Release|x86.Build.0 = Release|Win32
		{3566B640-7E15-41F6-82D6-7B9624B9540B}.Debug|x64.ActiveCfg = Debug|x64
		{3566B640-7E15-41F6-82D6-7B9624B9540B}.Debug|x64.Build.0 = Debug|x64
		{3566B640-7E15-41F6-82D6-7B9624B9540B}.Debug|x86.ActiveCfg = Debug|Win32
		{3566B640-7E15-41F6-82D6-7B9624B9540B}.Debug|x86.Build.0 = Debug|Win32
		{3566B640-7E15-41F6-82D6-7B9624B9540B}.Release|x64.ActiveCfg = Release|x64
		{3566B640-7E15-41F6-82D6-7B9624B9540B}.Release|x64.Build.0 = Release|x64
		{3566B640-7E15-41F6-82D6-7B9624B9540B}.Release|x86.ActiveCfg = Release|Win32
		{3566B640-7E15-41F6-82D6-7B9624B9540B}.Release|x86.Build.0 = Release|Win32
		{938E1C7F-2363-4AA4-8707-8AF582384DEF}.Debug|x64.ActiveCfg = Debug|x64
		{938E1C7F-2363-4AA4-8707-8AF582384DEF}.Debug|x64.Build.0 = Debug|x64
		{938E1C7F-2363-4AA4-8707-8AF582384DEF}.Debug|x86.ActiveCfg = Debug|Win32
		{938E1C7F-2363-4AA4-8707-8AF582384DEF}.Debug|x86.Build.0 = Debug|Win32
		{938E1C7F-2363-4AA4-8707-8AF582384DEF}.Release|x64.ActiveCfg = Release|x64
		{938E1C7F-2363-4AA4-8707-8AF582384DEF}.Release|x64.Build.0 = Release|x64
		{938E1C7F-2363-4AA4-8707-8AF582384DEF}.Release|x86.ActiveCfg = Release|Win32
		{938E1C7F-2363-4AA4-8707-8AF582384DEF}.Release|x86.Build.0 = Release|Win32
		{B4C393CD-FE97-436C-85AF-D58783A1C6CD}.Debug|x64.ActiveCfg = Debug|x64
		{B4C393CD-FE97-436C-85AF-D58783A1C6CD}.Debug|x64.Build.0 = Debug|x64
		{B4C393CD-FE97-436C-85AF-D58783A1C6CD}.Debug|x86.ActiveCfg = Debug|Win32
		{B4C393CD-FE97-436C-85AF-D58783A1C6CD}.Debug|x86.Build.0 = Debug|Win32
		{B4C393CD-FE97-436C-85AF-D58783A1C6CD}.Release|x64.ActiveCfg = Release|x64
		{B4C393CD-FE97-436C-85AF-D58783A1C6CD}.Release|x64.Build.0 = Release|x64
		{B4C393CD-FE97-436C-85AF-D58783A1C6CD}.Release|x86.ActiveCfg = Release|Win32
		{B4C393CD-FE97-436C-85AF-D58783A1C6CD}.Release|x86.Build.0 = Release|Win32
		{28620F77-497E-45AE-95BB-D0C735CE025C}.Debug|x64.ActiveCfg = Debug|x64
		{28620F77-497E-45AE-95BB-D0C735CE025C}.Debug|x64.Build.0 = Debug|x64
		{28620F77-497E-45AE-95BB-D0C735CE025C}.Debug|x86.ActiveCfg = Debug|Win32
		{28620F77-497E-45AE-95BB-D0C735CE025C}.Debug|x86.Build.0 = Debug|Win32
		{28620F77-497E-45AE-95BB-D0C735CE025C}.Release|x64.ActiveCfg = Release|x64
		{28620F77-497E-45AE-95BB-D0C735CE025C}.Release|x64.Build.0 = Release|x64
		{28620F77-497E-45AE-95BB-D0C735CE025C}.Release|x86.ActiveCfg = Release|Win32
		{28620F77-497E-45AE-95BB-D0C735CE025C}.Release|x86.Build.0 = Release|Win32
		{10D80B4E-47F0-4F36-B9CB-CC2CFB883825}.Debug|x64.ActiveCfg = Debug|x64
		{10D80B4E-47F0-4F36-B9CB-CC2CFB883825}.Debug|x64.Build.0 = Debug|x64
		{10D80B4E-47F0-4F36-B9CB-CC2CFB883825}.Debug|x86.ActiveCfg = Debug|Win32
		{10D80B4E-47F0-4F36-B9CB-CC2CFB883825}.Debug|x86.Build.0 = Debug|Win32
		{10D80B4E-47F0-4F36-B9CB-CC2CFB883825}.Release|x64.ActiveCfg = Release|x64
		{10D80B4E-47F0-4F36-B9CB-CC2CFB883825}.Release|x64.Build.0 = Release|x64
		{10D80B4E-47F0-4F36-B9CB-CC2CFB883825}.Release|x86.ActiveCfg = Release|Win32
		{10D80B4E-47F0-4F36-B9CB-CC2CFB883825}.Release|x86.Build.0 = Release|Win32
	EndGlobalSection
	GlobalSection(SolutionProperties) = preSolution
		HideSolutionNode = FALSE
	EndGlobalSection
	GlobalSection(ExtensibilityGlobals) = postSolution
		SolutionGuid = {58FEB715-5676-4080-8A01-5027B7BD000B}
	EndGlobalSection
EndGlobal
