
Microsoft Visual Studio Solution File, Format Version 12.00
# Visual Studio 15
VisualStudioVersion = 15.0.27703.2035
MinimumVisualStudioVersion = 10.0.40219.1
Project("{8BC9CEB8-8B4A-11D0-8D11-00A0C91BC942}") = "homewokr", "homewokr\homewokr.vcxproj", "{34CCBEB0-EDC6-45ED-8D71-6BEDBD5E55A0}"
EndProject
Project("{8BC9CEB8-8B4A-11D0-8D11-00A0C91BC942}") = "exam_1", "exam_1\exam_1.vcxproj", "{991CC091-A597-4192-8617-4D52FF4F9456}"
EndProject
Project("{8BC9CEB8-8B4A-11D0-8D11-00A0C91BC942}") = "exam_2", "exam_2\exam_2.vcxproj", "{102E8B9A-6C49-4A90-8E51-F9EF69F7361F}"
EndProject
Project("{8BC9CEB8-8B4A-11D0-8D11-00A0C91BC942}") = "exam_3", "exam_3\exam_3.vcxproj", "{8E704A4C-6EA0-49EB-8047-6A4DAA2C8C45}"
EndProject
Project("{8BC9CEB8-8B4A-11D0-8D11-00A0C91BC942}") = "exam_4", "exam_4\exam_4.vcxproj", "{D413B55A-F6E7-4AF3-B6D9-91D1F9F213A0}"
EndProject
Project("{8BC9CEB8-8B4A-11D0-8D11-00A0C91BC942}") = "exam_5", "exam_5\exam_5.vcxproj", "{F8C57B57-DEEB-4CD6-92B1-76A730B4C190}"
EndProject
Project("{8BC9CEB8-8B4A-11D0-8D11-00A0C91BC942}") = "exam_6", "exam_6\exam_6.vcxproj", "{6C81BC51-AE2C-4AA7-B66D-9FF735CD1E17}"
EndProject
Project("{8BC9CEB8-8B4A-11D0-8D11-00A0C91BC942}") = "exam_7", "exam_7\exam_7.vcxproj", "{189C928C-CE1B-4CB0-B486-9F66BF01D430}"
EndProject
Project("{8BC9CEB8-8B4A-11D0-8D11-00A0C91BC942}") = "exam_8", "exam_8\exam_8.vcxproj", "{38FF3796-50DC-48E4-BCDC-024329D30B2D}"
EndProject
Project("{8BC9CEB8-8B4A-11D0-8D11-00A0C91BC942}") = "exam_9", "exam_9\exam_9.vcxproj", "{336083C3-AD3D-4F87-AEE1-F72FCF00F138}"
EndProject
Project("{8BC9CEB8-8B4A-11D0-8D11-00A0C91BC942}") = "exam_10", "exam_10\exam_10.vcxproj", "{AACF9107-0796-4904-93C7-0C53F8CEA2CD}"
EndProject
Project("{8BC9CEB8-8B4A-11D0-8D11-00A0C91BC942}") = "exam_11", "exam_11\exam_11.vcxproj", "{6F5D44BA-D49E-467E-9DE6-F7AF47C25850}"
EndProject
Project("{8BC9CEB8-8B4A-11D0-8D11-00A0C91BC942}") = "exam_12", "exam_12\exam_12.vcxproj", "{89119EA3-07C3-4A49-86EA-10A35B892091}"
EndProject
Project("{8BC9CEB8-8B4A-11D0-8D11-00A0C91BC942}") = "exam_13", "exam_13\exam_13.vcxproj", "{CBE53C6D-168F-4FA8-845B-D7CB526A3B31}"
EndProject
Project("{8BC9CEB8-8B4A-11D0-8D11-00A0C91BC942}") = "exam_14", "exam_14\exam_14.vcxproj", "{B254CCDA-49C1-460C-8BD9-F8166A2EBD40}"
EndProject
Global
	GlobalSection(SolutionConfigurationPlatforms) = preSolution
		Debug|x64 = Debug|x64
		Debug|x86 = Debug|x86
		Release|x64 = Release|x64
		Release|x86 = Release|x86
	EndGlobalSection
	GlobalSection(ProjectConfigurationPlatforms) = postSolution
		{34CCBEB0-EDC6-45ED-8D71-6BEDBD5E55A0}.Debug|x64.ActiveCfg = Debug|x64
		{34CCBEB0-EDC6-45ED-8D71-6BEDBD5E55A0}.Debug|x64.Build.0 = Debug|x64
		{34CCBEB0-EDC6-45ED-8D71-6BEDBD5E55A0}.Debug|x86.ActiveCfg = Debug|Win32
		{34CCBEB0-EDC6-45ED-8D71-6BEDBD5E55A0}.Debug|x86.Build.0 = Debug|Win32
		{34CCBEB0-EDC6-45ED-8D71-6BEDBD5E55A0}.Release|x64.ActiveCfg = Release|x64
		{34CCBEB0-EDC6-45ED-8D71-6BEDBD5E55A0}.Release|x64.Build.0 = Release|x64
		{34CCBEB0-EDC6-45ED-8D71-6BEDBD5E55A0}.Release|x86.ActiveCfg = Release|Win32
		{34CCBEB0-EDC6-45ED-8D71-6BEDBD5E55A0}.Release|x86.Build.0 = Release|Win32
		{991CC091-A597-4192-8617-4D52FF4F9456}.Debug|x64.ActiveCfg = Debug|x64
		{991CC091-A597-4192-8617-4D52FF4F9456}.Debug|x64.Build.0 = Debug|x64
		{991CC091-A597-4192-8617-4D52FF4F9456}.Debug|x86.ActiveCfg = Debug|Win32
		{991CC091-A597-4192-8617-4D52FF4F9456}.Debug|x86.Build.0 = Debug|Win32
		{991CC091-A597-4192-8617-4D52FF4F9456}.Release|x64.ActiveCfg = Release|x64
		{991CC091-A597-4192-8617-4D52FF4F9456}.Release|x64.Build.0 = Release|x64
		{991CC091-A597-4192-8617-4D52FF4F9456}.Release|x86.ActiveCfg = Release|Win32
		{991CC091-A597-4192-8617-4D52FF4F9456}.Release|x86.Build.0 = Release|Win32
		{102E8B9A-6C49-4A90-8E51-F9EF69F7361F}.Debug|x64.ActiveCfg = Debug|x64
		{102E8B9A-6C49-4A90-8E51-F9EF69F7361F}.Debug|x64.Build.0 = Debug|x64
		{102E8B9A-6C49-4A90-8E51-F9EF69F7361F}.Debug|x86.ActiveCfg = Debug|Win32
		{102E8B9A-6C49-4A90-8E51-F9EF69F7361F}.Debug|x86.Build.0 = Debug|Win32
		{102E8B9A-6C49-4A90-8E51-F9EF69F7361F}.Release|x64.ActiveCfg = Release|x64
		{102E8B9A-6C49-4A90-8E51-F9EF69F7361F}.Release|x64.Build.0 = Release|x64
		{102E8B9A-6C49-4A90-8E51-F9EF69F7361F}.Release|x86.ActiveCfg = Release|Win32
		{102E8B9A-6C49-4A90-8E51-F9EF69F7361F}.Release|x86.Build.0 = Release|Win32
		{8E704A4C-6EA0-49EB-8047-6A4DAA2C8C45}.Debug|x64.ActiveCfg = Debug|x64
		{8E704A4C-6EA0-49EB-8047-6A4DAA2C8C45}.Debug|x64.Build.0 = Debug|x64
		{8E704A4C-6EA0-49EB-8047-6A4DAA2C8C45}.Debug|x86.ActiveCfg = Debug|Win32
		{8E704A4C-6EA0-49EB-8047-6A4DAA2C8C45}.Debug|x86.Build.0 = Debug|Win32
		{8E704A4C-6EA0-49EB-8047-6A4DAA2C8C45}.Release|x64.ActiveCfg = Release|x64
		{8E704A4C-6EA0-49EB-8047-6A4DAA2C8C45}.Release|x64.Build.0 = Release|x64
		{8E704A4C-6EA0-49EB-8047-6A4DAA2C8C45}.Release|x86.ActiveCfg = Release|Win32
		{8E704A4C-6EA0-49EB-8047-6A4DAA2C8C45}.Release|x86.Build.0 = Release|Win32
		{D413B55A-F6E7-4AF3-B6D9-91D1F9F213A0}.Debug|x64.ActiveCfg = Debug|x64
		{D413B55A-F6E7-4AF3-B6D9-91D1F9F213A0}.Debug|x64.Build.0 = Debug|x64
		{D413B55A-F6E7-4AF3-B6D9-91D1F9F213A0}.Debug|x86.ActiveCfg = Debug|Win32
		{D413B55A-F6E7-4AF3-B6D9-91D1F9F213A0}.Debug|x86.Build.0 = Debug|Win32
		{D413B55A-F6E7-4AF3-B6D9-91D1F9F213A0}.Release|x64.ActiveCfg = Release|x64
		{D413B55A-F6E7-4AF3-B6D9-91D1F9F213A0}.Release|x64.Build.0 = Release|x64
		{D413B55A-F6E7-4AF3-B6D9-91D1F9F213A0}.Release|x86.ActiveCfg = Release|Win32
		{D413B55A-F6E7-4AF3-B6D9-91D1F9F213A0}.Release|x86.Build.0 = Release|Win32
		{F8C57B57-DEEB-4CD6-92B1-76A730B4C190}.Debug|x64.ActiveCfg = Debug|x64
		{F8C57B57-DEEB-4CD6-92B1-76A730B4C190}.Debug|x64.Build.0 = Debug|x64
		{F8C57B57-DEEB-4CD6-92B1-76A730B4C190}.Debug|x86.ActiveCfg = Debug|Win32
		{F8C57B57-DEEB-4CD6-92B1-76A730B4C190}.Debug|x86.Build.0 = Debug|Win32
		{F8C57B57-DEEB-4CD6-92B1-76A730B4C190}.Release|x64.ActiveCfg = Release|x64
		{F8C57B57-DEEB-4CD6-92B1-76A730B4C190}.Release|x64.Build.0 = Release|x64
		{F8C57B57-DEEB-4CD6-92B1-76A730B4C190}.Release|x86.ActiveCfg = Release|Win32
		{F8C57B57-DEEB-4CD6-92B1-76A730B4C190}.Release|x86.Build.0 = Release|Win32
		{6C81BC51-AE2C-4AA7-B66D-9FF735CD1E17}.Debug|x64.ActiveCfg = Debug|x64
		{6C81BC51-AE2C-4AA7-B66D-9FF735CD1E17}.Debug|x64.Build.0 = Debug|x64
		{6C81BC51-AE2C-4AA7-B66D-9FF735CD1E17}.Debug|x86.ActiveCfg = Debug|Win32
		{6C81BC51-AE2C-4AA7-B66D-9FF735CD1E17}.Debug|x86.Build.0 = Debug|Win32
		{6C81BC51-AE2C-4AA7-B66D-9FF735CD1E17}.Release|x64.ActiveCfg = Release|x64
		{6C81BC51-AE2C-4AA7-B66D-9FF735CD1E17}.Release|x64.Build.0 = Release|x64
		{6C81BC51-AE2C-4AA7-B66D-9FF735CD1E17}.Release|x86.ActiveCfg = Release|Win32
		{6C81BC51-AE2C-4AA7-B66D-9FF735CD1E17}.Release|x86.Build.0 = Release|Win32
		{189C928C-CE1B-4CB0-B486-9F66BF01D430}.Debug|x64.ActiveCfg = Debug|x64
		{189C928C-CE1B-4CB0-B486-9F66BF01D430}.Debug|x64.Build.0 = Debug|x64
		{189C928C-CE1B-4CB0-B486-9F66BF01D430}.Debug|x86.ActiveCfg = Debug|Win32
		{189C928C-CE1B-4CB0-B486-9F66BF01D430}.Debug|x86.Build.0 = Debug|Win32
		{189C928C-CE1B-4CB0-B486-9F66BF01D430}.Release|x64.ActiveCfg = Release|x64
		{189C928C-CE1B-4CB0-B486-9F66BF01D430}.Release|x64.Build.0 = Release|x64
		{189C928C-CE1B-4CB0-B486-9F66BF01D430}.Release|x86.ActiveCfg = Release|Win32
		{189C928C-CE1B-4CB0-B486-9F66BF01D430}.Release|x86.Build.0 = Release|Win32
		{38FF3796-50DC-48E4-BCDC-024329D30B2D}.Debug|x64.ActiveCfg = Debug|x64
		{38FF3796-50DC-48E4-BCDC-024329D30B2D}.Debug|x64.Build.0 = Debug|x64
		{38FF3796-50DC-48E4-BCDC-024329D30B2D}.Debug|x86.ActiveCfg = Debug|Win32
		{38FF3796-50DC-48E4-BCDC-024329D30B2D}.Debug|x86.Build.0 = Debug|Win32
		{38FF3796-50DC-48E4-BCDC-024329D30B2D}.Release|x64.ActiveCfg = Release|x64
		{38FF3796-50DC-48E4-BCDC-024329D30B2D}.Release|x64.Build.0 = Release|x64
		{38FF3796-50DC-48E4-BCDC-024329D30B2D}.Release|x86.ActiveCfg = Release|Win32
		{38FF3796-50DC-48E4-BCDC-024329D30B2D}.Release|x86.Build.0 = Release|Win32
		{336083C3-AD3D-4F87-AEE1-F72FCF00F138}.Debug|x64.ActiveCfg = Debug|x64
		{336083C3-AD3D-4F87-AEE1-F72FCF00F138}.Debug|x64.Build.0 = Debug|x64
		{336083C3-AD3D-4F87-AEE1-F72FCF00F138}.Debug|x86.ActiveCfg = Debug|Win32
		{336083C3-AD3D-4F87-AEE1-F72FCF00F138}.Debug|x86.Build.0 = Debug|Win32
		{336083C3-AD3D-4F87-AEE1-F72FCF00F138}.Release|x64.ActiveCfg = Release|x64
		{336083C3-AD3D-4F87-AEE1-F72FCF00F138}.Release|x64.Build.0 = Release|x64
		{336083C3-AD3D-4F87-AEE1-F72FCF00F138}.Release|x86.ActiveCfg = Release|Win32
		{336083C3-AD3D-4F87-AEE1-F72FCF00F138}.Release|x86.Build.0 = Release|Win32
		{AACF9107-0796-4904-93C7-0C53F8CEA2CD}.Debug|x64.ActiveCfg = Debug|x64
		{AACF9107-0796-4904-93C7-0C53F8CEA2CD}.Debug|x64.Build.0 = Debug|x64
		{AACF9107-0796-4904-93C7-0C53F8CEA2CD}.Debug|x86.ActiveCfg = Debug|Win32
		{AACF9107-0796-4904-93C7-0C53F8CEA2CD}.Debug|x86.Build.0 = Debug|Win32
		{AACF9107-0796-4904-93C7-0C53F8CEA2CD}.Release|x64.ActiveCfg = Release|x64
		{AACF9107-0796-4904-93C7-0C53F8CEA2CD}.Release|x64.Build.0 = Release|x64
		{AACF9107-0796-4904-93C7-0C53F8CEA2CD}.Release|x86.ActiveCfg = Release|Win32
		{AACF9107-0796-4904-93C7-0C53F8CEA2CD}.Release|x86.Build.0 = Release|Win32
		{6F5D44BA-D49E-467E-9DE6-F7AF47C25850}.Debug|x64.ActiveCfg = Debug|x64
		{6F5D44BA-D49E-467E-9DE6-F7AF47C25850}.Debug|x64.Build.0 = Debug|x64
		{6F5D44BA-D49E-467E-9DE6-F7AF47C25850}.Debug|x86.ActiveCfg = Debug|Win32
		{6F5D44BA-D49E-467E-9DE6-F7AF47C25850}.Debug|x86.Build.0 = Debug|Win32
		{6F5D44BA-D49E-467E-9DE6-F7AF47C25850}.Release|x64.ActiveCfg = Release|x64
		{6F5D44BA-D49E-467E-9DE6-F7AF47C25850}.Release|x64.Build.0 = Release|x64
		{6F5D44BA-D49E-467E-9DE6-F7AF47C25850}.Release|x86.ActiveCfg = Release|Win32
		{6F5D44BA-D49E-467E-9DE6-F7AF47C25850}.Release|x86.Build.0 = Release|Win32
		{89119EA3-07C3-4A49-86EA-10A35B892091}.Debug|x64.ActiveCfg = Debug|x64
		{89119EA3-07C3-4A49-86EA-10A35B892091}.Debug|x64.Build.0 = Debug|x64
		{89119EA3-07C3-4A49-86EA-10A35B892091}.Debug|x86.ActiveCfg = Debug|Win32
		{89119EA3-07C3-4A49-86EA-10A35B892091}.Debug|x86.Build.0 = Debug|Win32
		{89119EA3-07C3-4A49-86EA-10A35B892091}.Release|x64.ActiveCfg = Release|x64
		{89119EA3-07C3-4A49-86EA-10A35B892091}.Release|x64.Build.0 = Release|x64
		{89119EA3-07C3-4A49-86EA-10A35B892091}.Release|x86.ActiveCfg = Release|Win32
		{89119EA3-07C3-4A49-86EA-10A35B892091}.Release|x86.Build.0 = Release|Win32
		{CBE53C6D-168F-4FA8-845B-D7CB526A3B31}.Debug|x64.ActiveCfg = Debug|x64
		{CBE53C6D-168F-4FA8-845B-D7CB526A3B31}.Debug|x64.Build.0 = Debug|x64
		{CBE53C6D-168F-4FA8-845B-D7CB526A3B31}.Debug|x86.ActiveCfg = Debug|Win32
		{CBE53C6D-168F-4FA8-845B-D7CB526A3B31}.Debug|x86.Build.0 = Debug|Win32
		{CBE53C6D-168F-4FA8-845B-D7CB526A3B31}.Release|x64.ActiveCfg = Release|x64
		{CBE53C6D-168F-4FA8-845B-D7CB526A3B31}.Release|x64.Build.0 = Release|x64
		{CBE53C6D-168F-4FA8-845B-D7CB526A3B31}.Release|x86.ActiveCfg = Release|Win32
		{CBE53C6D-168F-4FA8-845B-D7CB526A3B31}.Release|x86.Build.0 = Release|Win32
		{B254CCDA-49C1-460C-8BD9-F8166A2EBD40}.Debug|x64.ActiveCfg = Debug|x64
		{B254CCDA-49C1-460C-8BD9-F8166A2EBD40}.Debug|x64.Build.0 = Debug|x64
		{B254CCDA-49C1-460C-8BD9-F8166A2EBD40}.Debug|x86.ActiveCfg = Debug|Win32
		{B254CCDA-49C1-460C-8BD9-F8166A2EBD40}.Debug|x86.Build.0 = Debug|Win32
		{B254CCDA-49C1-460C-8BD9-F8166A2EBD40}.Release|x64.ActiveCfg = Release|x64
		{B254CCDA-49C1-460C-8BD9-F8166A2EBD40}.Release|x64.Build.0 = Release|x64
		{B254CCDA-49C1-460C-8BD9-F8166A2EBD40}.Release|x86.ActiveCfg = Release|Win32
		{B254CCDA-49C1-460C-8BD9-F8166A2EBD40}.Release|x86.Build.0 = Release|Win32
	EndGlobalSection
	GlobalSection(SolutionProperties) = preSolution
		HideSolutionNode = FALSE
	EndGlobalSection
	GlobalSection(ExtensibilityGlobals) = postSolution
		SolutionGuid = {4D81D797-7D46-4341-B13F-700466771B65}
	EndGlobalSection
EndGlobal
