
Microsoft Visual Studio Solution File, Format Version 12.00
# Visual Studio 15
VisualStudioVersion = 15.0.27703.2035
MinimumVisualStudioVersion = 10.0.40219.1
Project("{8BC9CEB8-8B4A-11D0-8D11-00A0C91BC942}") = "exam_1", "exam_1\exam_1.vcxproj", "{4282D802-22F3-48B4-825B-8FE86D0E0107}"
EndProject
Project("{8BC9CEB8-8B4A-11D0-8D11-00A0C91BC942}") = "exam_2", "exam_2\exam_2.vcxproj", "{D422343D-7916-48F5-B95D-BE49EB427650}"
EndProject
Project("{8BC9CEB8-8B4A-11D0-8D11-00A0C91BC942}") = "exam_3", "exam_3\exam_3.vcxproj", "{212A2178-F89F-4D15-983E-B634ACC2E654}"
EndProject
Project("{8BC9CEB8-8B4A-11D0-8D11-00A0C91BC942}") = "exam_4", "exam_4\exam_4.vcxproj", "{929E847F-26F0-4C06-A19C-9AACE25B7101}"
EndProject
Project("{8BC9CEB8-8B4A-11D0-8D11-00A0C91BC942}") = "exam_5", "exam_5\exam_5.vcxproj", "{37C05D0B-9D18-4640-A8B7-4CEF9EBEDFBA}"
EndProject
Project("{8BC9CEB8-8B4A-11D0-8D11-00A0C91BC942}") = "exam_6", "exam_6\exam_6.vcxproj", "{338F80CF-9B20-46E2-BEA6-0793AA2AC14F}"
EndProject
Project("{8BC9CEB8-8B4A-11D0-8D11-00A0C91BC942}") = "exam_7", "exam_7\exam_7.vcxproj", "{9649A93D-700E-469A-916C-0E0FA070E29E}"
EndProject
Project("{8BC9CEB8-8B4A-11D0-8D11-00A0C91BC942}") = "exam_8", "exam_8\exam_8.vcxproj", "{7B2A8AE6-57D1-4604-9859-40D41DD5887B}"
EndProject
Project("{8BC9CEB8-8B4A-11D0-8D11-00A0C91BC942}") = "exam_9", "exam_9\exam_9.vcxproj", "{57D78A38-7358-4D94-8EC4-85DB117ECFA3}"
EndProject
Project("{8BC9CEB8-8B4A-11D0-8D11-00A0C91BC942}") = "exam_10", "exam_10\exam_10.vcxproj", "{9DEF53B4-7252-4D9E-99FF-5DD3583437A4}"
EndProject
Project("{8BC9CEB8-8B4A-11D0-8D11-00A0C91BC942}") = "exam_11", "exam_11\exam_11.vcxproj", "{7FAF43B2-A89C-464E-A4F9-673DEE35D7F1}"
EndProject
Project("{8BC9CEB8-8B4A-11D0-8D11-00A0C91BC942}") = "exam_12", "exam_12\exam_12.vcxproj", "{CBAD9BB4-3BDD-4879-9C42-22D470156AD2}"
EndProject
Project("{8BC9CEB8-8B4A-11D0-8D11-00A0C91BC942}") = "exam_13", "exam_13\exam_13.vcxproj", "{57FCF272-DEED-4C65-AF05-48D09CC2D6DE}"
EndProject
Global
	GlobalSection(SolutionConfigurationPlatforms) = preSolution
		Debug|x64 = Debug|x64
		Debug|x86 = Debug|x86
		Release|x64 = Release|x64
		Release|x86 = Release|x86
	EndGlobalSection
	GlobalSection(ProjectConfigurationPlatforms) = postSolution
		{4282D802-22F3-48B4-825B-8FE86D0E0107}.Debug|x64.ActiveCfg = Debug|x64
		{4282D802-22F3-48B4-825B-8FE86D0E0107}.Debug|x64.Build.0 = Debug|x64
		{4282D802-22F3-48B4-825B-8FE86D0E0107}.Debug|x86.ActiveCfg = Debug|Win32
		{4282D802-22F3-48B4-825B-8FE86D0E0107}.Debug|x86.Build.0 = Debug|Win32
		{4282D802-22F3-48B4-825B-8FE86D0E0107}.Release|x64.ActiveCfg = Release|x64
		{4282D802-22F3-48B4-825B-8FE86D0E0107}.Release|x64.Build.0 = Release|x64
		{4282D802-22F3-48B4-825B-8FE86D0E0107}.Release|x86.ActiveCfg = Release|Win32
		{4282D802-22F3-48B4-825B-8FE86D0E0107}.Release|x86.Build.0 = Release|Win32
		{D422343D-7916-48F5-B95D-BE49EB427650}.Debug|x64.ActiveCfg = Debug|x64
		{D422343D-7916-48F5-B95D-BE49EB427650}.Debug|x64.Build.0 = Debug|x64
		{D422343D-7916-48F5-B95D-BE49EB427650}.Debug|x86.ActiveCfg = Debug|Win32
		{D422343D-7916-48F5-B95D-BE49EB427650}.Debug|x86.Build.0 = Debug|Win32
		{D422343D-7916-48F5-B95D-BE49EB427650}.Release|x64.ActiveCfg = Release|x64
		{D422343D-7916-48F5-B95D-BE49EB427650}.Release|x64.Build.0 = Release|x64
		{D422343D-7916-48F5-B95D-BE49EB427650}.Release|x86.ActiveCfg = Release|Win32
		{D422343D-7916-48F5-B95D-BE49EB427650}.Release|x86.Build.0 = Release|Win32
		{212A2178-F89F-4D15-983E-B634ACC2E654}.Debug|x64.ActiveCfg = Debug|x64
		{212A2178-F89F-4D15-983E-B634ACC2E654}.Debug|x64.Build.0 = Debug|x64
		{212A2178-F89F-4D15-983E-B634ACC2E654}.Debug|x86.ActiveCfg = Debug|Win32
		{212A2178-F89F-4D15-983E-B634ACC2E654}.Debug|x86.Build.0 = Debug|Win32
		{212A2178-F89F-4D15-983E-B634ACC2E654}.Release|x64.ActiveCfg = Release|x64
		{212A2178-F89F-4D15-983E-B634ACC2E654}.Release|x64.Build.0 = Release|x64
		{212A2178-F89F-4D15-983E-B634ACC2E654}.Release|x86.ActiveCfg = Release|Win32
		{212A2178-F89F-4D15-983E-B634ACC2E654}.Release|x86.Build.0 = Release|Win32
		{929E847F-26F0-4C06-A19C-9AACE25B7101}.Debug|x64.ActiveCfg = Debug|x64
		{929E847F-26F0-4C06-A19C-9AACE25B7101}.Debug|x64.Build.0 = Debug|x64
		{929E847F-26F0-4C06-A19C-9AACE25B7101}.Debug|x86.ActiveCfg = Debug|Win32
		{929E847F-26F0-4C06-A19C-9AACE25B7101}.Debug|x86.Build.0 = Debug|Win32
		{929E847F-26F0-4C06-A19C-9AACE25B7101}.Release|x64.ActiveCfg = Release|x64
		{929E847F-26F0-4C06-A19C-9AACE25B7101}.Release|x64.Build.0 = Release|x64
		{929E847F-26F0-4C06-A19C-9AACE25B7101}.Release|x86.ActiveCfg = Release|Win32
		{929E847F-26F0-4C06-A19C-9AACE25B7101}.Release|x86.Build.0 = Release|Win32
		{37C05D0B-9D18-4640-A8B7-4CEF9EBEDFBA}.Debug|x64.ActiveCfg = Debug|x64
		{37C05D0B-9D18-4640-A8B7-4CEF9EBEDFBA}.Debug|x64.Build.0 = Debug|x64
		{37C05D0B-9D18-4640-A8B7-4CEF9EBEDFBA}.Debug|x86.ActiveCfg = Debug|Win32
		{37C05D0B-9D18-4640-A8B7-4CEF9EBEDFBA}.Debug|x86.Build.0 = Debug|Win32
		{37C05D0B-9D18-4640-A8B7-4CEF9EBEDFBA}.Release|x64.ActiveCfg = Release|x64
		{37C05D0B-9D18-4640-A8B7-4CEF9EBEDFBA}.Release|x64.Build.0 = Release|x64
		{37C05D0B-9D18-4640-A8B7-4CEF9EBEDFBA}.Release|x86.ActiveCfg = Release|Win32
		{37C05D0B-9D18-4640-A8B7-4CEF9EBEDFBA}.Release|x86.Build.0 = Release|Win32
		{338F80CF-9B20-46E2-BEA6-0793AA2AC14F}.Debug|x64.ActiveCfg = Debug|x64
		{338F80CF-9B20-46E2-BEA6-0793AA2AC14F}.Debug|x64.Build.0 = Debug|x64
		{338F80CF-9B20-46E2-BEA6-0793AA2AC14F}.Debug|x86.ActiveCfg = Debug|Win32
		{338F80CF-9B20-46E2-BEA6-0793AA2AC14F}.Debug|x86.Build.0 = Debug|Win32
		{338F80CF-9B20-46E2-BEA6-0793AA2AC14F}.Release|x64.ActiveCfg = Release|x64
		{338F80CF-9B20-46E2-BEA6-0793AA2AC14F}.Release|x64.Build.0 = Release|x64
		{338F80CF-9B20-46E2-BEA6-0793AA2AC14F}.Release|x86.ActiveCfg = Release|Win32
		{338F80CF-9B20-46E2-BEA6-0793AA2AC14F}.Release|x86.Build.0 = Release|Win32
		{9649A93D-700E-469A-916C-0E0FA070E29E}.Debug|x64.ActiveCfg = Debug|x64
		{9649A93D-700E-469A-916C-0E0FA070E29E}.Debug|x64.Build.0 = Debug|x64
		{9649A93D-700E-469A-916C-0E0FA070E29E}.Debug|x86.ActiveCfg = Debug|Win32
		{9649A93D-700E-469A-916C-0E0FA070E29E}.Debug|x86.Build.0 = Debug|Win32
		{9649A93D-700E-469A-916C-0E0FA070E29E}.Release|x64.ActiveCfg = Release|x64
		{9649A93D-700E-469A-916C-0E0FA070E29E}.Release|x64.Build.0 = Release|x64
		{9649A93D-700E-469A-916C-0E0FA070E29E}.Release|x86.ActiveCfg = Release|Win32
		{9649A93D-700E-469A-916C-0E0FA070E29E}.Release|x86.Build.0 = Release|Win32
		{7B2A8AE6-57D1-4604-9859-40D41DD5887B}.Debug|x64.ActiveCfg = Debug|x64
		{7B2A8AE6-57D1-4604-9859-40D41DD5887B}.Debug|x64.Build.0 = Debug|x64
		{7B2A8AE6-57D1-4604-9859-40D41DD5887B}.Debug|x86.ActiveCfg = Debug|Win32
		{7B2A8AE6-57D1-4604-9859-40D41DD5887B}.Debug|x86.Build.0 = Debug|Win32
		{7B2A8AE6-57D1-4604-9859-40D41DD5887B}.Release|x64.ActiveCfg = Release|x64
		{7B2A8AE6-57D1-4604-9859-40D41DD5887B}.Release|x64.Build.0 = Release|x64
		{7B2A8AE6-57D1-4604-9859-40D41DD5887B}.Release|x86.ActiveCfg = Release|Win32
		{7B2A8AE6-57D1-4604-9859-40D41DD5887B}.Release|x86.Build.0 = Release|Win32
		{57D78A38-7358-4D94-8EC4-85DB117ECFA3}.Debug|x64.ActiveCfg = Debug|x64
		{57D78A38-7358-4D94-8EC4-85DB117ECFA3}.Debug|x64.Build.0 = Debug|x64
		{57D78A38-7358-4D94-8EC4-85DB117ECFA3}.Debug|x86.ActiveCfg = Debug|Win32
		{57D78A38-7358-4D94-8EC4-85DB117ECFA3}.Debug|x86.Build.0 = Debug|Win32
		{57D78A38-7358-4D94-8EC4-85DB117ECFA3}.Release|x64.ActiveCfg = Release|x64
		{57D78A38-7358-4D94-8EC4-85DB117ECFA3}.Release|x64.Build.0 = Release|x64
		{57D78A38-7358-4D94-8EC4-85DB117ECFA3}.Release|x86.ActiveCfg = Release|Win32
		{57D78A38-7358-4D94-8EC4-85DB117ECFA3}.Release|x86.Build.0 = Release|Win32
		{9DEF53B4-7252-4D9E-99FF-5DD3583437A4}.Debug|x64.ActiveCfg = Debug|x64
		{9DEF53B4-7252-4D9E-99FF-5DD3583437A4}.Debug|x64.Build.0 = Debug|x64
		{9DEF53B4-7252-4D9E-99FF-5DD3583437A4}.Debug|x86.ActiveCfg = Debug|Win32
		{9DEF53B4-7252-4D9E-99FF-5DD3583437A4}.Debug|x86.Build.0 = Debug|Win32
		{9DEF53B4-7252-4D9E-99FF-5DD3583437A4}.Release|x64.ActiveCfg = Release|x64
		{9DEF53B4-7252-4D9E-99FF-5DD3583437A4}.Release|x64.Build.0 = Release|x64
		{9DEF53B4-7252-4D9E-99FF-5DD3583437A4}.Release|x86.ActiveCfg = Release|Win32
		{9DEF53B4-7252-4D9E-99FF-5DD3583437A4}.Release|x86.Build.0 = Release|Win32
		{7FAF43B2-A89C-464E-A4F9-673DEE35D7F1}.Debug|x64.ActiveCfg = Debug|x64
		{7FAF43B2-A89C-464E-A4F9-673DEE35D7F1}.Debug|x64.Build.0 = Debug|x64
		{7FAF43B2-A89C-464E-A4F9-673DEE35D7F1}.Debug|x86.ActiveCfg = Debug|Win32
		{7FAF43B2-A89C-464E-A4F9-673DEE35D7F1}.Debug|x86.Build.0 = Debug|Win32
		{7FAF43B2-A89C-464E-A4F9-673DEE35D7F1}.Release|x64.ActiveCfg = Release|x64
		{7FAF43B2-A89C-464E-A4F9-673DEE35D7F1}.Release|x64.Build.0 = Release|x64
		{7FAF43B2-A89C-464E-A4F9-673DEE35D7F1}.Release|x86.ActiveCfg = Release|Win32
		{7FAF43B2-A89C-464E-A4F9-673DEE35D7F1}.Release|x86.Build.0 = Release|Win32
		{CBAD9BB4-3BDD-4879-9C42-22D470156AD2}.Debug|x64.ActiveCfg = Debug|x64
		{CBAD9BB4-3BDD-4879-9C42-22D470156AD2}.Debug|x64.Build.0 = Debug|x64
		{CBAD9BB4-3BDD-4879-9C42-22D470156AD2}.Debug|x86.ActiveCfg = Debug|Win32
		{CBAD9BB4-3BDD-4879-9C42-22D470156AD2}.Debug|x86.Build.0 = Debug|Win32
		{CBAD9BB4-3BDD-4879-9C42-22D470156AD2}.Release|x64.ActiveCfg = Release|x64
		{CBAD9BB4-3BDD-4879-9C42-22D470156AD2}.Release|x64.Build.0 = Release|x64
		{CBAD9BB4-3BDD-4879-9C42-22D470156AD2}.Release|x86.ActiveCfg = Release|Win32
		{CBAD9BB4-3BDD-4879-9C42-22D470156AD2}.Release|x86.Build.0 = Release|Win32
		{57FCF272-DEED-4C65-AF05-48D09CC2D6DE}.Debug|x64.ActiveCfg = Debug|x64
		{57FCF272-DEED-4C65-AF05-48D09CC2D6DE}.Debug|x64.Build.0 = Debug|x64
		{57FCF272-DEED-4C65-AF05-48D09CC2D6DE}.Debug|x86.ActiveCfg = Debug|Win32
		{57FCF272-DEED-4C65-AF05-48D09CC2D6DE}.Debug|x86.Build.0 = Debug|Win32
		{57FCF272-DEED-4C65-AF05-48D09CC2D6DE}.Release|x64.ActiveCfg = Release|x64
		{57FCF272-DEED-4C65-AF05-48D09CC2D6DE}.Release|x64.Build.0 = Release|x64
		{57FCF272-DEED-4C65-AF05-48D09CC2D6DE}.Release|x86.ActiveCfg = Release|Win32
		{57FCF272-DEED-4C65-AF05-48D09CC2D6DE}.Release|x86.Build.0 = Release|Win32
	EndGlobalSection
	GlobalSection(SolutionProperties) = preSolution
		HideSolutionNode = FALSE
	EndGlobalSection
	GlobalSection(ExtensibilityGlobals) = postSolution
		SolutionGuid = {8BA571D3-6520-44B3-B6E7-E6590D1E3942}
	EndGlobalSection
EndGlobal
