
Microsoft Visual Studio Solution File, Format Version 12.00
# Visual Studio 15
VisualStudioVersion = 15.0.27703.2035
MinimumVisualStudioVersion = 10.0.40219.1
Project("{8BC9CEB8-8B4A-11D0-8D11-00A0C91BC942}") = "exam_1", "exam_1\exam_1.vcxproj", "{AEB319B9-4259-4CA2-994E-75DED1078A20}"
EndProject
Project("{8BC9CEB8-8B4A-11D0-8D11-00A0C91BC942}") = "exam_2", "exam_2\exam_2.vcxproj", "{9F387C03-E5EF-4DFC-AC8A-6DF79B7D1B60}"
EndProject
Project("{8BC9CEB8-8B4A-11D0-8D11-00A0C91BC942}") = "exam_3", "exam_3\exam_3.vcxproj", "{1E455735-19D4-464F-9382-7BFF84A48E3A}"
EndProject
Project("{8BC9CEB8-8B4A-11D0-8D11-00A0C91BC942}") = "exam_4", "exam_4\exam_4.vcxproj", "{F64315BE-3487-4265-AA12-4AEDE6A2F793}"
EndProject
Project("{8BC9CEB8-8B4A-11D0-8D11-00A0C91BC942}") = "exam_5", "exam_5\exam_5.vcxproj", "{5C9B2DD7-53D1-4E33-B8BD-5FF4B76B4960}"
EndProject
Project("{8BC9CEB8-8B4A-11D0-8D11-00A0C91BC942}") = "exam_6", "exam_6\exam_6.vcxproj", "{AAB42BD1-9590-4358-853A-BDFE5B48EE2C}"
EndProject
Project("{8BC9CEB8-8B4A-11D0-8D11-00A0C91BC942}") = "exam_7", "exam_7\exam_7.vcxproj", "{9C1B51CC-93A0-4BC2-8B73-4BA931525F8A}"
EndProject
Project("{8BC9CEB8-8B4A-11D0-8D11-00A0C91BC942}") = "exam_8", "exam_8\exam_8.vcxproj", "{0F697AC5-7115-4E6F-8FD1-0259F70746A7}"
EndProject
Project("{8BC9CEB8-8B4A-11D0-8D11-00A0C91BC942}") = "exam_9", "exam_9\exam_9.vcxproj", "{579F20B7-B1CD-4B3C-B042-52FF34DE27E5}"
EndProject
Project("{8BC9CEB8-8B4A-11D0-8D11-00A0C91BC942}") = "exam_10", "exam_10\exam_10.vcxproj", "{ABDCBFC4-6B2B-4C58-9AFA-86153A5BA8BF}"
EndProject
Project("{8BC9CEB8-8B4A-11D0-8D11-00A0C91BC942}") = "exam_11", "exam_11\exam_11.vcxproj", "{4490F951-FB86-4D53-AC9F-53EB28EE07F0}"
EndProject
Project("{8BC9CEB8-8B4A-11D0-8D11-00A0C91BC942}") = "exam_12", "exam_12\exam_12.vcxproj", "{E2704DCF-B100-4E7B-88D7-228ACE1A1633}"
EndProject
Project("{8BC9CEB8-8B4A-11D0-8D11-00A0C91BC942}") = "exam_13", "exam_13\exam_13.vcxproj", "{49FE90AC-63D8-419F-AEEF-D82186FC2B3E}"
EndProject
Project("{8BC9CEB8-8B4A-11D0-8D11-00A0C91BC942}") = "exam_14", "exam_14\exam_14.vcxproj", "{430C135C-1641-41F8-B54E-8F8F973C6892}"
EndProject
Global
	GlobalSection(SolutionConfigurationPlatforms) = preSolution
		Debug|x64 = Debug|x64
		Debug|x86 = Debug|x86
		Release|x64 = Release|x64
		Release|x86 = Release|x86
	EndGlobalSection
	GlobalSection(ProjectConfigurationPlatforms) = postSolution
		{AEB319B9-4259-4CA2-994E-75DED1078A20}.Debug|x64.ActiveCfg = Debug|x64
		{AEB319B9-4259-4CA2-994E-75DED1078A20}.Debug|x64.Build.0 = Debug|x64
		{AEB319B9-4259-4CA2-994E-75DED1078A20}.Debug|x86.ActiveCfg = Debug|Win32
		{AEB319B9-4259-4CA2-994E-75DED1078A20}.Debug|x86.Build.0 = Debug|Win32
		{AEB319B9-4259-4CA2-994E-75DED1078A20}.Release|x64.ActiveCfg = Release|x64
		{AEB319B9-4259-4CA2-994E-75DED1078A20}.Release|x64.Build.0 = Release|x64
		{AEB319B9-4259-4CA2-994E-75DED1078A20}.Release|x86.ActiveCfg = Release|Win32
		{AEB319B9-4259-4CA2-994E-75DED1078A20}.Release|x86.Build.0 = Release|Win32
		{9F387C03-E5EF-4DFC-AC8A-6DF79B7D1B60}.Debug|x64.ActiveCfg = Debug|x64
		{9F387C03-E5EF-4DFC-AC8A-6DF79B7D1B60}.Debug|x64.Build.0 = Debug|x64
		{9F387C03-E5EF-4DFC-AC8A-6DF79B7D1B60}.Debug|x86.ActiveCfg = Debug|Win32
		{9F387C03-E5EF-4DFC-AC8A-6DF79B7D1B60}.Debug|x86.Build.0 = Debug|Win32
		{9F387C03-E5EF-4DFC-AC8A-6DF79B7D1B60}.Release|x64.ActiveCfg = Release|x64
		{9F387C03-E5EF-4DFC-AC8A-6DF79B7D1B60}.Release|x64.Build.0 = Release|x64
		{9F387C03-E5EF-4DFC-AC8A-6DF79B7D1B60}.Release|x86.ActiveCfg = Release|Win32
		{9F387C03-E5EF-4DFC-AC8A-6DF79B7D1B60}.Release|x86.Build.0 = Release|Win32
		{1E455735-19D4-464F-9382-7BFF84A48E3A}.Debug|x64.ActiveCfg = Debug|x64
		{1E455735-19D4-464F-9382-7BFF84A48E3A}.Debug|x64.Build.0 = Debug|x64
		{1E455735-19D4-464F-9382-7BFF84A48E3A}.Debug|x86.ActiveCfg = Debug|Win32
		{1E455735-19D4-464F-9382-7BFF84A48E3A}.Debug|x86.Build.0 = Debug|Win32
		{1E455735-19D4-464F-9382-7BFF84A48E3A}.Release|x64.ActiveCfg = Release|x64
		{1E455735-19D4-464F-9382-7BFF84A48E3A}.Release|x64.Build.0 = Release|x64
		{1E455735-19D4-464F-9382-7BFF84A48E3A}.Release|x86.ActiveCfg = Release|Win32
		{1E455735-19D4-464F-9382-7BFF84A48E3A}.Release|x86.Build.0 = Release|Win32
		{F64315BE-3487-4265-AA12-4AEDE6A2F793}.Debug|x64.ActiveCfg = Debug|x64
		{F64315BE-3487-4265-AA12-4AEDE6A2F793}.Debug|x64.Build.0 = Debug|x64
		{F64315BE-3487-4265-AA12-4AEDE6A2F793}.Debug|x86.ActiveCfg = Debug|Win32
		{F64315BE-3487-4265-AA12-4AEDE6A2F793}.Debug|x86.Build.0 = Debug|Win32
		{F64315BE-3487-4265-AA12-4AEDE6A2F793}.Release|x64.ActiveCfg = Release|x64
		{F64315BE-3487-4265-AA12-4AEDE6A2F793}.Release|x64.Build.0 = Release|x64
		{F64315BE-3487-4265-AA12-4AEDE6A2F793}.Release|x86.ActiveCfg = Release|Win32
		{F64315BE-3487-4265-AA12-4AEDE6A2F793}.Release|x86.Build.0 = Release|Win32
		{5C9B2DD7-53D1-4E33-B8BD-5FF4B76B4960}.Debug|x64.ActiveCfg = Debug|x64
		{5C9B2DD7-53D1-4E33-B8BD-5FF4B76B4960}.Debug|x64.Build.0 = Debug|x64
		{5C9B2DD7-53D1-4E33-B8BD-5FF4B76B4960}.Debug|x86.ActiveCfg = Debug|Win32
		{5C9B2DD7-53D1-4E33-B8BD-5FF4B76B4960}.Debug|x86.Build.0 = Debug|Win32
		{5C9B2DD7-53D1-4E33-B8BD-5FF4B76B4960}.Release|x64.ActiveCfg = Release|x64
		{5C9B2DD7-53D1-4E33-B8BD-5FF4B76B4960}.Release|x64.Build.0 = Release|x64
		{5C9B2DD7-53D1-4E33-B8BD-5FF4B76B4960}.Release|x86.ActiveCfg = Release|Win32
		{5C9B2DD7-53D1-4E33-B8BD-5FF4B76B4960}.Release|x86.Build.0 = Release|Win32
		{AAB42BD1-9590-4358-853A-BDFE5B48EE2C}.Debug|x64.ActiveCfg = Debug|x64
		{AAB42BD1-9590-4358-853A-BDFE5B48EE2C}.Debug|x64.Build.0 = Debug|x64
		{AAB42BD1-9590-4358-853A-BDFE5B48EE2C}.Debug|x86.ActiveCfg = Debug|Win32
		{AAB42BD1-9590-4358-853A-BDFE5B48EE2C}.Debug|x86.Build.0 = Debug|Win32
		{AAB42BD1-9590-4358-853A-BDFE5B48EE2C}.Release|x64.ActiveCfg = Release|x64
		{AAB42BD1-9590-4358-853A-BDFE5B48EE2C}.Release|x64.Build.0 = Release|x64
		{AAB42BD1-9590-4358-853A-BDFE5B48EE2C}.Release|x86.ActiveCfg = Release|Win32
		{AAB42BD1-9590-4358-853A-BDFE5B48EE2C}.Release|x86.Build.0 = Release|Win32
		{9C1B51CC-93A0-4BC2-8B73-4BA931525F8A}.Debug|x64.ActiveCfg = Debug|x64
		{9C1B51CC-93A0-4BC2-8B73-4BA931525F8A}.Debug|x64.Build.0 = Debug|x64
		{9C1B51CC-93A0-4BC2-8B73-4BA931525F8A}.Debug|x86.ActiveCfg = Debug|Win32
		{9C1B51CC-93A0-4BC2-8B73-4BA931525F8A}.Debug|x86.Build.0 = Debug|Win32
		{9C1B51CC-93A0-4BC2-8B73-4BA931525F8A}.Release|x64.ActiveCfg = Release|x64
		{9C1B51CC-93A0-4BC2-8B73-4BA931525F8A}.Release|x64.Build.0 = Release|x64
		{9C1B51CC-93A0-4BC2-8B73-4BA931525F8A}.Release|x86.ActiveCfg = Release|Win32
		{9C1B51CC-93A0-4BC2-8B73-4BA931525F8A}.Release|x86.Build.0 = Release|Win32
		{0F697AC5-7115-4E6F-8FD1-0259F70746A7}.Debug|x64.ActiveCfg = Debug|x64
		{0F697AC5-7115-4E6F-8FD1-0259F70746A7}.Debug|x64.Build.0 = Debug|x64
		{0F697AC5-7115-4E6F-8FD1-0259F70746A7}.Debug|x86.ActiveCfg = Debug|Win32
		{0F697AC5-7115-4E6F-8FD1-0259F70746A7}.Debug|x86.Build.0 = Debug|Win32
		{0F697AC5-7115-4E6F-8FD1-0259F70746A7}.Release|x64.ActiveCfg = Release|x64
		{0F697AC5-7115-4E6F-8FD1-0259F70746A7}.Release|x64.Build.0 = Release|x64
		{0F697AC5-7115-4E6F-8FD1-0259F70746A7}.Release|x86.ActiveCfg = Release|Win32
		{0F697AC5-7115-4E6F-8FD1-0259F70746A7}.Release|x86.Build.0 = Release|Win32
		{579F20B7-B1CD-4B3C-B042-52FF34DE27E5}.Debug|x64.ActiveCfg = Debug|x64
		{579F20B7-B1CD-4B3C-B042-52FF34DE27E5}.Debug|x64.Build.0 = Debug|x64
		{579F20B7-B1CD-4B3C-B042-52FF34DE27E5}.Debug|x86.ActiveCfg = Debug|Win32
		{579F20B7-B1CD-4B3C-B042-52FF34DE27E5}.Debug|x86.Build.0 = Debug|Win32
		{579F20B7-B1CD-4B3C-B042-52FF34DE27E5}.Release|x64.ActiveCfg = Release|x64
		{579F20B7-B1CD-4B3C-B042-52FF34DE27E5}.Release|x64.Build.0 = Release|x64
		{579F20B7-B1CD-4B3C-B042-52FF34DE27E5}.Release|x86.ActiveCfg = Release|Win32
		{579F20B7-B1CD-4B3C-B042-52FF34DE27E5}.Release|x86.Build.0 = Release|Win32
		{ABDCBFC4-6B2B-4C58-9AFA-86153A5BA8BF}.Debug|x64.ActiveCfg = Debug|x64
		{ABDCBFC4-6B2B-4C58-9AFA-86153A5BA8BF}.Debug|x64.Build.0 = Debug|x64
		{ABDCBFC4-6B2B-4C58-9AFA-86153A5BA8BF}.Debug|x86.ActiveCfg = Debug|Win32
		{ABDCBFC4-6B2B-4C58-9AFA-86153A5BA8BF}.Debug|x86.Build.0 = Debug|Win32
		{ABDCBFC4-6B2B-4C58-9AFA-86153A5BA8BF}.Release|x64.ActiveCfg = Release|x64
		{ABDCBFC4-6B2B-4C58-9AFA-86153A5BA8BF}.Release|x64.Build.0 = Release|x64
		{ABDCBFC4-6B2B-4C58-9AFA-86153A5BA8BF}.Release|x86.ActiveCfg = Release|Win32
		{ABDCBFC4-6B2B-4C58-9AFA-86153A5BA8BF}.Release|x86.Build.0 = Release|Win32
		{4490F951-FB86-4D53-AC9F-53EB28EE07F0}.Debug|x64.ActiveCfg = Debug|x64
		{4490F951-FB86-4D53-AC9F-53EB28EE07F0}.Debug|x64.Build.0 = Debug|x64
		{4490F951-FB86-4D53-AC9F-53EB28EE07F0}.Debug|x86.ActiveCfg = Debug|Win32
		{4490F951-FB86-4D53-AC9F-53EB28EE07F0}.Debug|x86.Build.0 = Debug|Win32
		{4490F951-FB86-4D53-AC9F-53EB28EE07F0}.Release|x64.ActiveCfg = Release|x64
		{4490F951-FB86-4D53-AC9F-53EB28EE07F0}.Release|x64.Build.0 = Release|x64
		{4490F951-FB86-4D53-AC9F-53EB28EE07F0}.Release|x86.ActiveCfg = Release|Win32
		{4490F951-FB86-4D53-AC9F-53EB28EE07F0}.Release|x86.Build.0 = Release|Win32
		{E2704DCF-B100-4E7B-88D7-228ACE1A1633}.Debug|x64.ActiveCfg = Debug|x64
		{E2704DCF-B100-4E7B-88D7-228ACE1A1633}.Debug|x64.Build.0 = Debug|x64
		{E2704DCF-B100-4E7B-88D7-228ACE1A1633}.Debug|x86.ActiveCfg = Debug|Win32
		{E2704DCF-B100-4E7B-88D7-228ACE1A1633}.Debug|x86.Build.0 = Debug|Win32
		{E2704DCF-B100-4E7B-88D7-228ACE1A1633}.Release|x64.ActiveCfg = Release|x64
		{E2704DCF-B100-4E7B-88D7-228ACE1A1633}.Release|x64.Build.0 = Release|x64
		{E2704DCF-B100-4E7B-88D7-228ACE1A1633}.Release|x86.ActiveCfg = Release|Win32
		{E2704DCF-B100-4E7B-88D7-228ACE1A1633}.Release|x86.Build.0 = Release|Win32
		{49FE90AC-63D8-419F-AEEF-D82186FC2B3E}.Debug|x64.ActiveCfg = Debug|x64
		{49FE90AC-63D8-419F-AEEF-D82186FC2B3E}.Debug|x64.Build.0 = Debug|x64
		{49FE90AC-63D8-419F-AEEF-D82186FC2B3E}.Debug|x86.ActiveCfg = Debug|Win32
		{49FE90AC-63D8-419F-AEEF-D82186FC2B3E}.Debug|x86.Build.0 = Debug|Win32
		{49FE90AC-63D8-419F-AEEF-D82186FC2B3E}.Release|x64.ActiveCfg = Release|x64
		{49FE90AC-63D8-419F-AEEF-D82186FC2B3E}.Release|x64.Build.0 = Release|x64
		{49FE90AC-63D8-419F-AEEF-D82186FC2B3E}.Release|x86.ActiveCfg = Release|Win32
		{49FE90AC-63D8-419F-AEEF-D82186FC2B3E}.Release|x86.Build.0 = Release|Win32
		{430C135C-1641-41F8-B54E-8F8F973C6892}.Debug|x64.ActiveCfg = Debug|x64
		{430C135C-1641-41F8-B54E-8F8F973C6892}.Debug|x64.Build.0 = Debug|x64
		{430C135C-1641-41F8-B54E-8F8F973C6892}.Debug|x86.ActiveCfg = Debug|Win32
		{430C135C-1641-41F8-B54E-8F8F973C6892}.Debug|x86.Build.0 = Debug|Win32
		{430C135C-1641-41F8-B54E-8F8F973C6892}.Release|x64.ActiveCfg = Release|x64
		{430C135C-1641-41F8-B54E-8F8F973C6892}.Release|x64.Build.0 = Release|x64
		{430C135C-1641-41F8-B54E-8F8F973C6892}.Release|x86.ActiveCfg = Release|Win32
		{430C135C-1641-41F8-B54E-8F8F973C6892}.Release|x86.Build.0 = Release|Win32
	EndGlobalSection
	GlobalSection(SolutionProperties) = preSolution
		HideSolutionNode = FALSE
	EndGlobalSection
	GlobalSection(ExtensibilityGlobals) = postSolution
		SolutionGuid = {3708049C-887E-4E70-AF57-B126C85EFCB8}
	EndGlobalSection
EndGlobal
