
Microsoft Visual Studio Solution File, Format Version 12.00
# Visual Studio 15
VisualStudioVersion = 15.0.27703.2035
MinimumVisualStudioVersion = 10.0.40219.1
Project("{8BC9CEB8-8B4A-11D0-8D11-00A0C91BC942}") = "exam_1", "exam_1\exam_1.vcxproj", "{224CE3C0-BAB9-462A-8A23-CF9CE63964AF}"
EndProject
Project("{8BC9CEB8-8B4A-11D0-8D11-00A0C91BC942}") = "exam_2", "exam_2\exam_2.vcxproj", "{56AAD650-503E-43CC-8FCC-99F2B0F28B15}"
EndProject
Project("{8BC9CEB8-8B4A-11D0-8D11-00A0C91BC942}") = "exam_3", "exam_3\exam_3.vcxproj", "{3CB05CAE-B4C4-42A1-A2C6-31CEF7C5E843}"
EndProject
Project("{8BC9CEB8-8B4A-11D0-8D11-00A0C91BC942}") = "exam_4", "exam_4\exam_4.vcxproj", "{774B2249-5F99-4452-B583-678524561AD4}"
EndProject
Project("{8BC9CEB8-8B4A-11D0-8D11-00A0C91BC942}") = "exam_5", "exam_5\exam_5.vcxproj", "{CAC62ABA-ED56-4555-860B-C49F9055C653}"
EndProject
Project("{8BC9CEB8-8B4A-11D0-8D11-00A0C91BC942}") = "exam_6", "exam_6\exam_6.vcxproj", "{982C0867-AD3E-4A92-946B-E3E30A53D7A5}"
EndProject
Project("{8BC9CEB8-8B4A-11D0-8D11-00A0C91BC942}") = "exam_7", "exam_7\exam_7.vcxproj", "{AEDACE3E-4E09-4D10-94BE-5D21817F5BFF}"
EndProject
Project("{8BC9CEB8-8B4A-11D0-8D11-00A0C91BC942}") = "exam_8", "exam_8\exam_8.vcxproj", "{5560D83A-006C-40E8-B6DF-D64F9DC52A9C}"
EndProject
Project("{8BC9CEB8-8B4A-11D0-8D11-00A0C91BC942}") = "exam_9", "exam_9\exam_9.vcxproj", "{3B5AA7BC-EBB6-46A2-9238-4713B5649F5D}"
EndProject
Project("{8BC9CEB8-8B4A-11D0-8D11-00A0C91BC942}") = "exam_10", "exam_10\exam_10.vcxproj", "{3CD4FCA1-2490-46E4-BCC0-C9B59AC3B7CC}"
EndProject
Project("{8BC9CEB8-8B4A-11D0-8D11-00A0C91BC942}") = "exam_11", "exam_11\exam_11.vcxproj", "{4178619B-E0B2-41DF-B35C-16E78078D969}"
EndProject
Project("{8BC9CEB8-8B4A-11D0-8D11-00A0C91BC942}") = "exam_12", "exam_12\exam_12.vcxproj", "{E3766AB9-1243-4676-8236-3BE89B4DE041}"
EndProject
Global
	GlobalSection(SolutionConfigurationPlatforms) = preSolution
		Debug|x64 = Debug|x64
		Debug|x86 = Debug|x86
		Release|x64 = Release|x64
		Release|x86 = Release|x86
	EndGlobalSection
	GlobalSection(ProjectConfigurationPlatforms) = postSolution
		{224CE3C0-BAB9-462A-8A23-CF9CE63964AF}.Debug|x64.ActiveCfg = Debug|x64
		{224CE3C0-BAB9-462A-8A23-CF9CE63964AF}.Debug|x64.Build.0 = Debug|x64
		{224CE3C0-BAB9-462A-8A23-CF9CE63964AF}.Debug|x86.ActiveCfg = Debug|Win32
		{224CE3C0-BAB9-462A-8A23-CF9CE63964AF}.Debug|x86.Build.0 = Debug|Win32
		{224CE3C0-BAB9-462A-8A23-CF9CE63964AF}.Release|x64.ActiveCfg = Release|x64
		{224CE3C0-BAB9-462A-8A23-CF9CE63964AF}.Release|x64.Build.0 = Release|x64
		{224CE3C0-BAB9-462A-8A23-CF9CE63964AF}.Release|x86.ActiveCfg = Release|Win32
		{224CE3C0-BAB9-462A-8A23-CF9CE63964AF}.Release|x86.Build.0 = Release|Win32
		{56AAD650-503E-43CC-8FCC-99F2B0F28B15}.Debug|x64.ActiveCfg = Debug|x64
		{56AAD650-503E-43CC-8FCC-99F2B0F28B15}.Debug|x64.Build.0 = Debug|x64
		{56AAD650-503E-43CC-8FCC-99F2B0F28B15}.Debug|x86.ActiveCfg = Debug|Win32
		{56AAD650-503E-43CC-8FCC-99F2B0F28B15}.Debug|x86.Build.0 = Debug|Win32
		{56AAD650-503E-43CC-8FCC-99F2B0F28B15}.Release|x64.ActiveCfg = Release|x64
		{56AAD650-503E-43CC-8FCC-99F2B0F28B15}.Release|x64.Build.0 = Release|x64
		{56AAD650-503E-43CC-8FCC-99F2B0F28B15}.Release|x86.ActiveCfg = Release|Win32
		{56AAD650-503E-43CC-8FCC-99F2B0F28B15}.Release|x86.Build.0 = Release|Win32
		{3CB05CAE-B4C4-42A1-A2C6-31CEF7C5E843}.Debug|x64.ActiveCfg = Debug|x64
		{3CB05CAE-B4C4-42A1-A2C6-31CEF7C5E843}.Debug|x64.Build.0 = Debug|x64
		{3CB05CAE-B4C4-42A1-A2C6-31CEF7C5E843}.Debug|x86.ActiveCfg = Debug|Win32
		{3CB05CAE-B4C4-42A1-A2C6-31CEF7C5E843}.Debug|x86.Build.0 = Debug|Win32
		{3CB05CAE-B4C4-42A1-A2C6-31CEF7C5E843}.Release|x64.ActiveCfg = Release|x64
		{3CB05CAE-B4C4-42A1-A2C6-31CEF7C5E843}.Release|x64.Build.0 = Release|x64
		{3CB05CAE-B4C4-42A1-A2C6-31CEF7C5E843}.Release|x86.ActiveCfg = Release|Win32
		{3CB05CAE-B4C4-42A1-A2C6-31CEF7C5E843}.Release|x86.Build.0 = Release|Win32
		{774B2249-5F99-4452-B583-678524561AD4}.Debug|x64.ActiveCfg = Debug|x64
		{774B2249-5F99-4452-B583-678524561AD4}.Debug|x64.Build.0 = Debug|x64
		{774B2249-5F99-4452-B583-678524561AD4}.Debug|x86.ActiveCfg = Debug|Win32
		{774B2249-5F99-4452-B583-678524561AD4}.Debug|x86.Build.0 = Debug|Win32
		{774B2249-5F99-4452-B583-678524561AD4}.Release|x64.ActiveCfg = Release|x64
		{774B2249-5F99-4452-B583-678524561AD4}.Release|x64.Build.0 = Release|x64
		{774B2249-5F99-4452-B583-678524561AD4}.Release|x86.ActiveCfg = Release|Win32
		{774B2249-5F99-4452-B583-678524561AD4}.Release|x86.Build.0 = Release|Win32
		{CAC62ABA-ED56-4555-860B-C49F9055C653}.Debug|x64.ActiveCfg = Debug|x64
		{CAC62ABA-ED56-4555-860B-C49F9055C653}.Debug|x64.Build.0 = Debug|x64
		{CAC62ABA-ED56-4555-860B-C49F9055C653}.Debug|x86.ActiveCfg = Debug|Win32
		{CAC62ABA-ED56-4555-860B-C49F9055C653}.Debug|x86.Build.0 = Debug|Win32
		{CAC62ABA-ED56-4555-860B-C49F9055C653}.Release|x64.ActiveCfg = Release|x64
		{CAC62ABA-ED56-4555-860B-C49F9055C653}.Release|x64.Build.0 = Release|x64
		{CAC62ABA-ED56-4555-860B-C49F9055C653}.Release|x86.ActiveCfg = Release|Win32
		{CAC62ABA-ED56-4555-860B-C49F9055C653}.Release|x86.Build.0 = Release|Win32
		{982C0867-AD3E-4A92-946B-E3E30A53D7A5}.Debug|x64.ActiveCfg = Debug|x64
		{982C0867-AD3E-4A92-946B-E3E30A53D7A5}.Debug|x64.Build.0 = Debug|x64
		{982C0867-AD3E-4A92-946B-E3E30A53D7A5}.Debug|x86.ActiveCfg = Debug|Win32
		{982C0867-AD3E-4A92-946B-E3E30A53D7A5}.Debug|x86.Build.0 = Debug|Win32
		{982C0867-AD3E-4A92-946B-E3E30A53D7A5}.Release|x64.ActiveCfg = Release|x64
		{982C0867-AD3E-4A92-946B-E3E30A53D7A5}.Release|x64.Build.0 = Release|x64
		{982C0867-AD3E-4A92-946B-E3E30A53D7A5}.Release|x86.ActiveCfg = Release|Win32
		{982C0867-AD3E-4A92-946B-E3E30A53D7A5}.Release|x86.Build.0 = Release|Win32
		{AEDACE3E-4E09-4D10-94BE-5D21817F5BFF}.Debug|x64.ActiveCfg = Debug|x64
		{AEDACE3E-4E09-4D10-94BE-5D21817F5BFF}.Debug|x64.Build.0 = Debug|x64
		{AEDACE3E-4E09-4D10-94BE-5D21817F5BFF}.Debug|x86.ActiveCfg = Debug|Win32
		{AEDACE3E-4E09-4D10-94BE-5D21817F5BFF}.Debug|x86.Build.0 = Debug|Win32
		{AEDACE3E-4E09-4D10-94BE-5D21817F5BFF}.Release|x64.ActiveCfg = Release|x64
		{AEDACE3E-4E09-4D10-94BE-5D21817F5BFF}.Release|x64.Build.0 = Release|x64
		{AEDACE3E-4E09-4D10-94BE-5D21817F5BFF}.Release|x86.ActiveCfg = Release|Win32
		{AEDACE3E-4E09-4D10-94BE-5D21817F5BFF}.Release|x86.Build.0 = Release|Win32
		{5560D83A-006C-40E8-B6DF-D64F9DC52A9C}.Debug|x64.ActiveCfg = Debug|x64
		{5560D83A-006C-40E8-B6DF-D64F9DC52A9C}.Debug|x64.Build.0 = Debug|x64
		{5560D83A-006C-40E8-B6DF-D64F9DC52A9C}.Debug|x86.ActiveCfg = Debug|Win32
		{5560D83A-006C-40E8-B6DF-D64F9DC52A9C}.Debug|x86.Build.0 = Debug|Win32
		{5560D83A-006C-40E8-B6DF-D64F9DC52A9C}.Release|x64.ActiveCfg = Release|x64
		{5560D83A-006C-40E8-B6DF-D64F9DC52A9C}.Release|x64.Build.0 = Release|x64
		{5560D83A-006C-40E8-B6DF-D64F9DC52A9C}.Release|x86.ActiveCfg = Release|Win32
		{5560D83A-006C-40E8-B6DF-D64F9DC52A9C}.Release|x86.Build.0 = Release|Win32
		{3B5AA7BC-EBB6-46A2-9238-4713B5649F5D}.Debug|x64.ActiveCfg = Debug|x64
		{3B5AA7BC-EBB6-46A2-9238-4713B5649F5D}.Debug|x64.Build.0 = Debug|x64
		{3B5AA7BC-EBB6-46A2-9238-4713B5649F5D}.Debug|x86.ActiveCfg = Debug|Win32
		{3B5AA7BC-EBB6-46A2-9238-4713B5649F5D}.Debug|x86.Build.0 = Debug|Win32
		{3B5AA7BC-EBB6-46A2-9238-4713B5649F5D}.Release|x64.ActiveCfg = Release|x64
		{3B5AA7BC-EBB6-46A2-9238-4713B5649F5D}.Release|x64.Build.0 = Release|x64
		{3B5AA7BC-EBB6-46A2-9238-4713B5649F5D}.Release|x86.ActiveCfg = Release|Win32
		{3B5AA7BC-EBB6-46A2-9238-4713B5649F5D}.Release|x86.Build.0 = Release|Win32
		{3CD4FCA1-2490-46E4-BCC0-C9B59AC3B7CC}.Debug|x64.ActiveCfg = Debug|x64
		{3CD4FCA1-2490-46E4-BCC0-C9B59AC3B7CC}.Debug|x64.Build.0 = Debug|x64
		{3CD4FCA1-2490-46E4-BCC0-C9B59AC3B7CC}.Debug|x86.ActiveCfg = Debug|Win32
		{3CD4FCA1-2490-46E4-BCC0-C9B59AC3B7CC}.Debug|x86.Build.0 = Debug|Win32
		{3CD4FCA1-2490-46E4-BCC0-C9B59AC3B7CC}.Release|x64.ActiveCfg = Release|x64
		{3CD4FCA1-2490-46E4-BCC0-C9B59AC3B7CC}.Release|x64.Build.0 = Release|x64
		{3CD4FCA1-2490-46E4-BCC0-C9B59AC3B7CC}.Release|x86.ActiveCfg = Release|Win32
		{3CD4FCA1-2490-46E4-BCC0-C9B59AC3B7CC}.Release|x86.Build.0 = Release|Win32
		{4178619B-E0B2-41DF-B35C-16E78078D969}.Debug|x64.ActiveCfg = Debug|x64
		{4178619B-E0B2-41DF-B35C-16E78078D969}.Debug|x64.Build.0 = Debug|x64
		{4178619B-E0B2-41DF-B35C-16E78078D969}.Debug|x86.ActiveCfg = Debug|Win32
		{4178619B-E0B2-41DF-B35C-16E78078D969}.Debug|x86.Build.0 = Debug|Win32
		{4178619B-E0B2-41DF-B35C-16E78078D969}.Release|x64.ActiveCfg = Release|x64
		{4178619B-E0B2-41DF-B35C-16E78078D969}.Release|x64.Build.0 = Release|x64
		{4178619B-E0B2-41DF-B35C-16E78078D969}.Release|x86.ActiveCfg = Release|Win32
		{4178619B-E0B2-41DF-B35C-16E78078D969}.Release|x86.Build.0 = Release|Win32
		{E3766AB9-1243-4676-8236-3BE89B4DE041}.Debug|x64.ActiveCfg = Debug|x64
		{E3766AB9-1243-4676-8236-3BE89B4DE041}.Debug|x64.Build.0 = Debug|x64
		{E3766AB9-1243-4676-8236-3BE89B4DE041}.Debug|x86.ActiveCfg = Debug|Win32
		{E3766AB9-1243-4676-8236-3BE89B4DE041}.Debug|x86.Build.0 = Debug|Win32
		{E3766AB9-1243-4676-8236-3BE89B4DE041}.Release|x64.ActiveCfg = Release|x64
		{E3766AB9-1243-4676-8236-3BE89B4DE041}.Release|x64.Build.0 = Release|x64
		{E3766AB9-1243-4676-8236-3BE89B4DE041}.Release|x86.ActiveCfg = Release|Win32
		{E3766AB9-1243-4676-8236-3BE89B4DE041}.Release|x86.Build.0 = Release|Win32
	EndGlobalSection
	GlobalSection(SolutionProperties) = preSolution
		HideSolutionNode = FALSE
	EndGlobalSection
	GlobalSection(ExtensibilityGlobals) = postSolution
		SolutionGuid = {F5B85B95-C802-47F3-A373-B53F96822F72}
	EndGlobalSection
EndGlobal
